
Microsoft Visual Studio Solution File, Format Version 12.00
# Visual Studio 15
VisualStudioVersion = 15.0.27703.2018
MinimumVisualStudioVersion = 10.0.40219.1
Project("{FAE04EC0-301F-11D3-BF4B-00C04F79EFBC}") = "DryIoc.Tests", "DryIoc.Tests\DryIoc.Tests.csproj", "{5835159B-005D-4F32-AA51-80F25948BC04}"
EndProject
Global
	GlobalSection(SolutionConfigurationPlatforms) = preSolution
		Debug|Any CPU = Debug|Any CPU
		Release|Any CPU = Release|Any CPU
	EndGlobalSection
	GlobalSection(ProjectConfigurationPlatforms) = postSolution
		{5835159B-005D-4F32-AA51-80F25948BC04}.Debug|Any CPU.ActiveCfg = Debug|Any CPU
		{5835159B-005D-4F32-AA51-80F25948BC04}.Debug|Any CPU.Build.0 = Debug|Any CPU
		{5835159B-005D-4F32-AA51-80F25948BC04}.Release|Any CPU.ActiveCfg = Release|Any CPU
		{5835159B-005D-4F32-AA51-80F25948BC04}.Release|Any CPU.Build.0 = Release|Any CPU
	EndGlobalSection
	GlobalSection(SolutionProperties) = preSolution
		HideSolutionNode = FALSE
	EndGlobalSection
	GlobalSection(ExtensibilityGlobals) = postSolution
		SolutionGuid = {56E1DB06-0441-4521-B459-1481F2B72FE3}
	EndGlobalSection
EndGlobal
